
Microsoft Visual Studio Solution File, Format Version 12.00
# Visual Studio Version 17
VisualStudioVersion = 17.2.32616.157
MinimumVisualStudioVersion = 10.0.40219.1
Project("{FAE04EC0-301F-11D3-BF4B-00C04F79EFBC}") = "ComboBox", "ComboBox\ComboBox.csproj", "{848D34FF-2C31-4C62-96D6-A24193DD12A6}"
EndProject
Global
	GlobalSection(SolutionConfigurationPlatforms) = preSolution
		Debug|Any CPU = Debug|Any CPU
		Release|Any CPU = Release|Any CPU
	EndGlobalSection
	GlobalSection(ProjectConfigurationPlatforms) = postSolution
		{848D34FF-2C31-4C62-96D6-A24193DD12A6}.Debug|Any CPU.ActiveCfg = Debug|Any CPU
		{848D34FF-2C31-4C62-96D6-A24193DD12A6}.Debug|Any CPU.Build.0 = Debug|Any CPU
		{848D34FF-2C31-4C62-96D6-A24193DD12A6}.Release|Any CPU.ActiveCfg = Release|Any CPU
		{848D34FF-2C31-4C62-96D6-A24193DD12A6}.Release|Any CPU.Build.0 = Release|Any CPU
	EndGlobalSection
	GlobalSection(SolutionProperties) = preSolution
		HideSolutionNode = FALSE
	EndGlobalSection
	GlobalSection(ExtensibilityGlobals) = postSolution
		SolutionGuid = {619DA103-2B9C-4E2B-BF26-E9750E67B4BF}
	EndGlobalSection
EndGlobal
